# THIS IS AN AUTOGENERATED FILE. DO NOT EDIT THIS FILE DIRECTLY.
# yarn lockfile v1


"@bsansouci/reasongl@^1.0.0":
  version "1.0.1"
  resolved "https://registry.yarnpkg.com/@bsansouci/reasongl/-/reasongl-1.0.1.tgz#9a1e8dd4aa432fc20843d9138de8be5334d1b489"
  integrity sha512-BToUhFt9nj6JXIIORo6pFBXK/qNVBVivwae4tueTzwWdL0yeMRDYK/aIs0/Nx7XOI+1QJam6CN55oo62SO2zTA==
  dependencies:
    "@bsansouci/tgls" "^1.0.0"
    "@bsansouci/tsdl" "^1.0.0"
    bigarray bsansouci/otherlibs
    gl-matrix "*"
    unix bsansouci/otherlibs

"@bsansouci/tgls@^1.0.0":
  version "1.0.3"
  resolved "https://registry.yarnpkg.com/@bsansouci/tgls/-/tgls-1.0.3.tgz#54014e10195229cbbe8ae846b8ec9cb63be029bf"
  integrity sha512-4elbF9rAgzhRNKYr0fADtzO5io+6xD5cfQzMHCXNc2D06IMqs8EOgs8BusyUMTGPuO84mqC5T4kJejXWpMNklA==

"@bsansouci/tsdl@^1.0.0", "@bsansouci/tsdl@^1.0.1":
  version "1.0.2"
  resolved "https://registry.yarnpkg.com/@bsansouci/tsdl/-/tsdl-1.0.2.tgz#c8b343cb1ca84ed4eb14a16f53c8dc56f69e445d"
  integrity sha512-GKXGMnma0EtHWumIvN6JB7tqnS0v1OjeFxMQy+4efVo7A6m4jsBiyP3lIFZRzgOFxjzr816x33WUHZEYDPkR6g==
  dependencies:
    sdl2 bsansouci/SDL-mirror

bigarray@bsansouci/otherlibs, dynlink@bsansouci/otherlibs, unix@bsansouci/otherlibs:
  version "0.0.1"
  resolved "https://codeload.github.com/bsansouci/otherlibs/tar.gz/6332dc8176f14dd3c6467b92d10be73237217b4c"

buffer-crc32@~0.2.3:
  version "0.2.13"
  resolved "https://registry.yarnpkg.com/buffer-crc32/-/buffer-crc32-0.2.13.tgz#0d333e3f00eac50aa1454abd30ef8c2a5d9a7242"
  integrity sha1-DTM+PwDqxQqhRUq9MO+MKl2ackI=

fd-slicer@~1.1.0:
  version "1.1.0"
  resolved "https://registry.yarnpkg.com/fd-slicer/-/fd-slicer-1.1.0.tgz#25c7c89cb1f9077f8891bbe61d8f390eae256f1e"
  integrity sha1-JcfInLH5B3+IkbvmHY85Dq4lbx4=
  dependencies:
    pend "~1.2.0"

gl-matrix@*:
  version "3.3.0"
  resolved "https://registry.yarnpkg.com/gl-matrix/-/gl-matrix-3.3.0.tgz#232eef60b1c8b30a28cbbe75b2caf6c48fd6358b"
  integrity sha512-COb7LDz+SXaHtl/h4LeaFcNdJdAQSDeVqjiIihSXNrkWObZLhDI4hIkZC11Aeqp7bcE72clzB0BnDXr2SmslRA==

pend@~1.2.0:
  version "1.2.0"
  resolved "https://registry.yarnpkg.com/pend/-/pend-1.2.0.tgz#7a57eb550a6783f9115331fcf4663d5c8e007a50"
  integrity sha1-elfrVQpng/kRUzH89GY9XI4AelA=

reprocessing@^1.0.0:
  version "1.0.0"
  resolved "https://registry.yarnpkg.com/reprocessing/-/reprocessing-1.0.0.tgz#0778e9cbc5eb464595af3caaff9c7e289cd10e8f"
  integrity sha512-yie/Mr1kRMf2GP1zFHZe/CcRHpW1glaUklMZJHhGmZcdRc2AK5g7fJVbs8H+8z72Bm2Hk5LXKbTX3qQwdKFagA==
  dependencies:
    "@bsansouci/reasongl" "^1.0.0"
    "@bsansouci/tsdl" "^1.0.1"
    dynlink bsansouci/otherlibs

rescript@^9.1.4:
  version "9.1.4"
  resolved "https://registry.yarnpkg.com/rescript/-/rescript-9.1.4.tgz#1eb126f98d6c16942c0bf0df67c050198e580515"
  integrity sha512-aXANK4IqecJzdnDpJUsU6pxMViCR5ogAxzuqS0mOr8TloMnzAjJFu63fjD6LCkWrKAhlMkFFzQvVQYaAaVkFXw==

sdl2@bsansouci/SDL-mirror:
  version "2.0.5"
  resolved "https://codeload.github.com/bsansouci/SDL-mirror/tar.gz/45e92456627c099fccd0ca2f1516581bd816c48a"
  dependencies:
    yauzl "^2.9.1"

yauzl@^2.9.1:
  version "2.10.0"
  resolved "https://registry.yarnpkg.com/yauzl/-/yauzl-2.10.0.tgz#c7eb17c93e112cb1086fa6d8e51fb0667b79a5f9"
  integrity sha1-x+sXyT4RLLEIb6bY5R+wZnt5pfk=
  dependencies:
    buffer-crc32 "~0.2.3"
    fd-slicer "~1.1.0"
